{
    "_readme": [
        "This file locks the dependencies of your project to a known state",
        "Read more about it at https://getcomposer.org/doc/01-basic-usage.md#installing-dependencies",
        "This file is @generated automatically"
    ],
    "content-hash": "76af58e009647c340c4323ac50b9884e",
    "packages": [
        {
            "name": "apimatic/jsonmapper",
            "version": "v2.0.3",
            "source": {
                "type": "git",
                "url": "https://github.com/apimatic/jsonmapper.git",
                "reference": "f7588f1ab692c402a9118e65cb9fd42b74e5e0db"
            },
            "dist": {
                "type": "zip",
                "url": "https://api.github.com/repos/apimatic/jsonmapper/zipball/f7588f1ab692c402a9118e65cb9fd42b74e5e0db",
                "reference": "f7588f1ab692c402a9118e65cb9fd42b74e5e0db",
                "shasum": ""
            },
            "require-dev": {
                "phpunit/phpunit": "^5.0.0 || ^6.0.0 || ^7.0.0 || ^8.0.0",
                "squizlabs/php_codesniffer": "^3.0.0"
            },
            "type": "library",
            "autoload": {
                "psr-4": {
                    "apimatic\\jsonmapper\\": "src/"
                }
            },
            "notification-url": "https://packagist.org/downloads/",
            "license": [
                "OSL-3.0"
            ],
            "authors": [
                {
                    "name": "Christian Weiske",
                    "email": "christian.weiske@netresearch.de",
                    "homepage": "http://www.netresearch.de/",
                    "role": "Developer"
                },
                {
                    "name": "Mehdi Jaffery",
                    "email": "mehdi.jaffery@apimatic.io",
                    "homepage": "http://apimatic.io/",
                    "role": "Developer"
                }
            ],
            "description": "Map nested JSON structures onto PHP classes",
            "support": {
                "email": "mehdi.jaffery@apimatic.io",
                "issues": "https://github.com/apimatic/jsonmapper/issues",
                "source": "https://github.com/apimatic/jsonmapper/tree/v2.0.3"
            },
            "time": "2021-07-16T09:02:23+00:00"
        },
        {
            "name": "apimatic/unirest-php",
            "version": "2.1.0",
            "source": {
                "type": "git",
                "url": "https://github.com/apimatic/unirest-php.git",
                "reference": "e07351d5f70b445664e2dc4042bbc237ec7d4c93"
            },
            "dist": {
                "type": "zip",
                "url": "https://api.github.com/repos/apimatic/unirest-php/zipball/e07351d5f70b445664e2dc4042bbc237ec7d4c93",
                "reference": "e07351d5f70b445664e2dc4042bbc237ec7d4c93",
                "shasum": ""
            },
            "require": {
                "ext-curl": "*",
                "php": ">=5.6.0"
            },
            "require-dev": {
                "phpunit/phpunit": "^5 || ^6 || ^7 || ^8 || ^9"
            },
            "suggest": {
                "ext-json": "Allows using JSON Bodies for sending and parsing requests"
            },
            "type": "library",
            "autoload": {
                "psr-0": {
                    "Unirest\\": "src/"
                }
            },
            "notification-url": "https://packagist.org/downloads/",
            "license": [
                "MIT"
            ],
            "authors": [
                {
                    "name": "Mashape",
                    "email": "opensource@mashape.com",
                    "homepage": "https://www.mashape.com",
                    "role": "Developer"
                },
                {
                    "name": "APIMATIC",
                    "email": "opensource@apimatic.io",
                    "homepage": "https://www.apimatic.io",
                    "role": "Developer"
                }
            ],
            "description": "Unirest PHP",
            "homepage": "https://github.com/apimatic/unirest-php",
            "keywords": [
                "client",
                "curl",
                "http",
                "https",
                "rest"
            ],
            "support": {
                "email": "opensource@apimatic.io",
                "issues": "https://github.com/apimatic/unirest-php/issues",
                "source": "https://github.com/apimatic/unirest-php/tree/2.1.0"
            },
            "time": "2021-11-12T05:20:21+00:00"
        },
        {
            "name": "square/square",
            "version": "16.0.0.20211117",
            "source": {
                "type": "git",
                "url": "https://github.com/square/square-php-sdk.git",
                "reference": "d532628a0741b47695ac3714f442c09571d95f11"
            },
            "dist": {
                "type": "zip",
                "url": "https://api.github.com/repos/square/square-php-sdk/zipball/d532628a0741b47695ac3714f442c09571d95f11",
                "reference": "d532628a0741b47695ac3714f442c09571d95f11",
                "shasum": ""
            },
            "require": {
                "apimatic/jsonmapper": "^2.0.2",
                "apimatic/unirest-php": "^2.1",
                "ext-curl": "*",
                "ext-json": "*",
                "ext-mbstring": "*",
                "php": ">=7.2"
            },
            "require-dev": {
                "phan/phan": "^3.0",
                "phpunit/phpunit": "^7.5 || ^8.5",
                "squizlabs/php_codesniffer": "^3.5"
            },
            "type": "library",
            "autoload": {
                "psr-4": {
                    "Square\\": "src/"
                }
            },
            "notification-url": "https://packagist.org/downloads/",
            "license": [
                "MIT"
            ],
            "authors": [
                {
                    "name": "Square Developer Platform",
                    "email": "developers@squareup.com",
                    "homepage": "https://squareup.com/developers"
                }
            ],
            "description": "Use Square APIs to manage and run business including payment, customer, product, inventory, and employee management.",
            "homepage": "https://squareup.com/developers",
            "keywords": [
                "api",
                "sdk",
                "square"
            ],
            "support": {
                "issues": "https://github.com/square/square-php-sdk/issues",
                "source": "https://github.com/square/square-php-sdk/tree/16.0.0.20211117"
            },
            "time": "2021-11-17T01:08:40+00:00"
        },
        {
            "name": "sudiptpa/guid",
            "version": "v1.0.5",
            "source": {
                "type": "git",
                "url": "https://github.com/sudiptpa/guid.git",
                "reference": "270fb4d270bedbfffe2270c43320cad8cbaf510f"
            },
            "dist": {
                "type": "zip",
                "url": "https://api.github.com/repos/sudiptpa/guid/zipball/270fb4d270bedbfffe2270c43320cad8cbaf510f",
                "reference": "270fb4d270bedbfffe2270c43320cad8cbaf510f",
                "shasum": ""
            },
            "require": {
                "php": ">=5.4.0"
            },
            "require-dev": {
                "friendsofphp/php-cs-fixer": "~1.0"
            },
            "type": "library",
            "extra": {
                "branch-alias": {
                    "dev-master": "1.0.x-dev"
                },
                "laravel": {
                    "aliases": {
                        "Guid": "Sujip\\Guid\\Facades\\Guid"
                    },
                    "providers": [
                        "Sujip\\Guid\\GuidServiceProvider"
                    ]
                }
            },
            "autoload": {
                "files": [
                    "src/helpers.php"
                ],
                "psr-4": {
                    "Sujip\\Guid\\": "src/"
                }
            },
            "notification-url": "https://packagist.org/downloads/",
            "license": [
                "MIT"
            ],
            "authors": [
                {
                    "name": "Sujip Thapa",
                    "email": "sudiptpa@gmail.com",
                    "homepage": "https://sujipthapa.co",
                    "role": "Web Developer"
                }
            ],
            "description": "A Simple GUID generator Package for PHP.",
            "homepage": "https://github.com/sudiptpa/guid",
            "keywords": [
                "guid"
            ],
            "support": {
                "issues": "https://github.com/sudiptpa/guid/issues",
                "rss": "https://github.com/sudiptpa/guid/releases.atom",
                "source": "https://github.com/sudiptpa/guid"
            },
            "time": "2020-08-08T10:41:26+00:00"
        }
    ],
    "packages-dev": [],
    "aliases": [],
    "minimum-stability": "stable",
    "stability-flags": [],
    "prefer-stable": true,
    "prefer-lowest": false,
    "platform": [],
    "platform-dev": [],
    "platform-overrides": {
        "php": "7.2"
    },
    "plugin-api-version": "2.1.0"
}
